// !$*UTF8*$!
{
	archiveVersion = 1;
	classes = {
	};
	objectVersion = 46;
	objects = {

/* Begin PBXBuildFile section */
		700A23B11A17DB0000A6F08D /* ViewSongsTableViewController.swift in Sources */ = {isa = PBXBuildFile; fileRef = 700A23B01A17DB0000A6F08D /* ViewSongsTableViewController.swift */; };
		700A23B31A17E3FB00A6F08D /* NewSongViewController.swift in Sources */ = {isa = PBXBuildFile; fileRef = 700A23B21A17E3FB00A6F08D /* NewSongViewController.swift */; };
		7026532C1A17D3200044A132 /* SongTableViewCell.swift in Sources */ = {isa = PBXBuildFile; fileRef = 7026532B1A17D3200044A132 /* SongTableViewCell.swift */; };
		703D9CFA1A18255000A90A84 /* TestViewController.swift in Sources */ = {isa = PBXBuildFile; fileRef = 703D9CF91A18255000A90A84 /* TestViewController.swift */; };
		704E6CA41A16FB8500805A77 /* SystemConfiguration.framework in Frameworks */ = {isa = PBXBuildFile; fileRef = 704E6CA31A16FB8500805A77 /* SystemConfiguration.framework */; };
		704E6CAF1A16FBAD00805A77 /* StoreKit.framework in Frameworks */ = {isa = PBXBuildFile; fileRef = 704E6CA51A16FBAD00805A77 /* StoreKit.framework */; };
		704E6CB01A16FBAD00805A77 /* Security.framework in Frameworks */ = {isa = PBXBuildFile; fileRef = 704E6CA61A16FBAD00805A77 /* Security.framework */; };
		704E6CB11A16FBAD00805A77 /* QuartzCore.framework in Frameworks */ = {isa = PBXBuildFile; fileRef = 704E6CA71A16FBAD00805A77 /* QuartzCore.framework */; };
		704E6CB21A16FBAD00805A77 /* MobileCoreServices.framework in Frameworks */ = {isa = PBXBuildFile; fileRef = 704E6CA81A16FBAD00805A77 /* MobileCoreServices.framework */; };
		704E6CB31A16FBAD00805A77 /* libz.dylib in Frameworks */ = {isa = PBXBuildFile; fileRef = 704E6CA91A16FBAD00805A77 /* libz.dylib */; };
		704E6CB41A16FBAD00805A77 /* Parse.framework in Frameworks */ = {isa = PBXBuildFile; fileRef = 704E6CAA1A16FBAD00805A77 /* Parse.framework */; };
		704E6CB51A16FBAD00805A77 /* CoreLocation.framework in Frameworks */ = {isa = PBXBuildFile; fileRef = 704E6CAB1A16FBAD00805A77 /* CoreLocation.framework */; };
		704E6CB61A16FBAD00805A77 /* CoreGraphics.framework in Frameworks */ = {isa = PBXBuildFile; fileRef = 704E6CAC1A16FBAD00805A77 /* CoreGraphics.framework */; };
		704E6CB71A16FBAD00805A77 /* CFNetwork.framework in Frameworks */ = {isa = PBXBuildFile; fileRef = 704E6CAD1A16FBAD00805A77 /* CFNetwork.framework */; };
		704E6CB81A16FBAD00805A77 /* AudioToolbox.framework in Frameworks */ = {isa = PBXBuildFile; fileRef = 704E6CAE1A16FBAD00805A77 /* AudioToolbox.framework */; };
		70C304041A18274700F97BEA /* Main.storyboard in Resources */ = {isa = PBXBuildFile; fileRef = 70C304031A18274700F97BEA /* Main.storyboard */; };
		70E304FC1A1748520029AB45 /* ViewEventsTableViewController.swift in Sources */ = {isa = PBXBuildFile; fileRef = 70E304FB1A1748520029AB45 /* ViewEventsTableViewController.swift */; };
		70E304FE1A1749B40029AB45 /* EventsTableViewCell.swift in Sources */ = {isa = PBXBuildFile; fileRef = 70E304FD1A1749B40029AB45 /* EventsTableViewCell.swift */; };
		BD32F2C01A0F2C4F0033D766 /* NewEventViewController.swift in Sources */ = {isa = PBXBuildFile; fileRef = BD32F2BF1A0F2C4F0033D766 /* NewEventViewController.swift */; };
		BD5392341A09816A00CDAE59 /* AppDelegate.swift in Sources */ = {isa = PBXBuildFile; fileRef = BD5392331A09816A00CDAE59 /* AppDelegate.swift */; };
		BD53923B1A09816A00CDAE59 /* Images.xcassets in Resources */ = {isa = PBXBuildFile; fileRef = BD53923A1A09816A00CDAE59 /* Images.xcassets */; };
		BD53923E1A09816A00CDAE59 /* LaunchScreen.xib in Resources */ = {isa = PBXBuildFile; fileRef = BD53923C1A09816A00CDAE59 /* LaunchScreen.xib */; };
		BD53924A1A09816A00CDAE59 /* NextBeatTests.swift in Sources */ = {isa = PBXBuildFile; fileRef = BD5392491A09816A00CDAE59 /* NextBeatTests.swift */; };
/* End PBXBuildFile section */

/* Begin PBXContainerItemProxy section */
		BD5392441A09816A00CDAE59 /* PBXContainerItemProxy */ = {
			isa = PBXContainerItemProxy;
			containerPortal = BD5392261A09816A00CDAE59 /* Project object */;
			proxyType = 1;
			remoteGlobalIDString = BD53922D1A09816A00CDAE59;
			remoteInfo = NextBeat;
		};
/* End PBXContainerItemProxy section */

/* Begin PBXFileReference section */
		700A23B01A17DB0000A6F08D /* ViewSongsTableViewController.swift */ = {isa = PBXFileReference; fileEncoding = 4; lastKnownFileType = sourcecode.swift; path = ViewSongsTableViewController.swift; sourceTree = "<group>"; };
		700A23B21A17E3FB00A6F08D /* NewSongViewController.swift */ = {isa = PBXFileReference; fileEncoding = 4; lastKnownFileType = sourcecode.swift; path = NewSongViewController.swift; sourceTree = "<group>"; };
		7026532B1A17D3200044A132 /* SongTableViewCell.swift */ = {isa = PBXFileReference; fileEncoding = 4; lastKnownFileType = sourcecode.swift; path = SongTableViewCell.swift; sourceTree = "<group>"; };
		703D9CF91A18255000A90A84 /* TestViewController.swift */ = {isa = PBXFileReference; fileEncoding = 4; lastKnownFileType = sourcecode.swift; path = TestViewController.swift; sourceTree = "<group>"; };
		704E6CA31A16FB8500805A77 /* SystemConfiguration.framework */ = {isa = PBXFileReference; lastKnownFileType = wrapper.framework; name = SystemConfiguration.framework; path = System/Library/Frameworks/SystemConfiguration.framework; sourceTree = SDKROOT; };
		704E6CA51A16FBAD00805A77 /* StoreKit.framework */ = {isa = PBXFileReference; lastKnownFileType = wrapper.framework; name = StoreKit.framework; path = System/Library/Frameworks/StoreKit.framework; sourceTree = SDKROOT; };
		704E6CA61A16FBAD00805A77 /* Security.framework */ = {isa = PBXFileReference; lastKnownFileType = wrapper.framework; name = Security.framework; path = System/Library/Frameworks/Security.framework; sourceTree = SDKROOT; };
		704E6CA71A16FBAD00805A77 /* QuartzCore.framework */ = {isa = PBXFileReference; lastKnownFileType = wrapper.framework; name = QuartzCore.framework; path = System/Library/Frameworks/QuartzCore.framework; sourceTree = SDKROOT; };
		704E6CA81A16FBAD00805A77 /* MobileCoreServices.framework */ = {isa = PBXFileReference; lastKnownFileType = wrapper.framework; name = MobileCoreServices.framework; path = System/Library/Frameworks/MobileCoreServices.framework; sourceTree = SDKROOT; };
		704E6CA91A16FBAD00805A77 /* libz.dylib */ = {isa = PBXFileReference; lastKnownFileType = "compiled.mach-o.dylib"; name = libz.dylib; path = usr/lib/libz.dylib; sourceTree = SDKROOT; };
		704E6CAA1A16FBAD00805A77 /* Parse.framework */ = {isa = PBXFileReference; lastKnownFileType = wrapper.framework; name = Parse.framework; path = ../SwifferApp/Parse.framework; sourceTree = "<group>"; };
		704E6CAB1A16FBAD00805A77 /* CoreLocation.framework */ = {isa = PBXFileReference; lastKnownFileType = wrapper.framework; name = CoreLocation.framework; path = System/Library/Frameworks/CoreLocation.framework; sourceTree = SDKROOT; };
		704E6CAC1A16FBAD00805A77 /* CoreGraphics.framework */ = {isa = PBXFileReference; lastKnownFileType = wrapper.framework; name = CoreGraphics.framework; path = System/Library/Frameworks/CoreGraphics.framework; sourceTree = SDKROOT; };
		704E6CAD1A16FBAD00805A77 /* CFNetwork.framework */ = {isa = PBXFileReference; lastKnownFileType = wrapper.framework; name = CFNetwork.framework; path = System/Library/Frameworks/CFNetwork.framework; sourceTree = SDKROOT; };
		704E6CAE1A16FBAD00805A77 /* AudioToolbox.framework */ = {isa = PBXFileReference; lastKnownFileType = wrapper.framework; name = AudioToolbox.framework; path = System/Library/Frameworks/AudioToolbox.framework; sourceTree = SDKROOT; };
		70C304031A18274700F97BEA /* Main.storyboard */ = {isa = PBXFileReference; fileEncoding = 4; lastKnownFileType = file.storyboard; name = Main.storyboard; path = ../../../../../.Trash/Main.storyboard; sourceTree = "<group>"; };
		70E304F21A171CB00029AB45 /* NextBeat-Bridging-Header.h */ = {isa = PBXFileReference; lastKnownFileType = sourcecode.c.h; path = "NextBeat-Bridging-Header.h"; sourceTree = "<group>"; };
		70E304FB1A1748520029AB45 /* ViewEventsTableViewController.swift */ = {isa = PBXFileReference; fileEncoding = 4; lastKnownFileType = sourcecode.swift; path = ViewEventsTableViewController.swift; sourceTree = "<group>"; };
		70E304FD1A1749B40029AB45 /* EventsTableViewCell.swift */ = {isa = PBXFileReference; fileEncoding = 4; lastKnownFileType = sourcecode.swift; path = EventsTableViewCell.swift; sourceTree = "<group>"; };
		BD32F2BF1A0F2C4F0033D766 /* NewEventViewController.swift */ = {isa = PBXFileReference; fileEncoding = 4; lastKnownFileType = sourcecode.swift; path = NewEventViewController.swift; sourceTree = "<group>"; };
		BD53922E1A09816A00CDAE59 /* NextBeat.app */ = {isa = PBXFileReference; explicitFileType = wrapper.application; includeInIndex = 0; path = NextBeat.app; sourceTree = BUILT_PRODUCTS_DIR; };
		BD5392321A09816A00CDAE59 /* Info.plist */ = {isa = PBXFileReference; lastKnownFileType = text.plist.xml; path = Info.plist; sourceTree = "<group>"; };
		BD5392331A09816A00CDAE59 /* AppDelegate.swift */ = {isa = PBXFileReference; lastKnownFileType = sourcecode.swift; path = AppDelegate.swift; sourceTree = "<group>"; };
		BD53923A1A09816A00CDAE59 /* Images.xcassets */ = {isa = PBXFileReference; lastKnownFileType = folder.assetcatalog; path = Images.xcassets; sourceTree = "<group>"; };
		BD53923D1A09816A00CDAE59 /* Base */ = {isa = PBXFileReference; lastKnownFileType = file.xib; name = Base; path = Base.lproj/LaunchScreen.xib; sourceTree = "<group>"; };
		BD5392431A09816A00CDAE59 /* NextBeatTests.xctest */ = {isa = PBXFileReference; explicitFileType = wrapper.cfbundle; includeInIndex = 0; path = NextBeatTests.xctest; sourceTree = BUILT_PRODUCTS_DIR; };
		BD5392481A09816A00CDAE59 /* Info.plist */ = {isa = PBXFileReference; lastKnownFileType = text.plist.xml; path = Info.plist; sourceTree = "<group>"; };
		BD5392491A09816A00CDAE59 /* NextBeatTests.swift */ = {isa = PBXFileReference; lastKnownFileType = sourcecode.swift; path = NextBeatTests.swift; sourceTree = "<group>"; };
		BD5392551A0989EA00CDAE59 /* swift.playground */ = {isa = PBXFileReference; lastKnownFileType = file.playground; name = swift.playground; path = ../swift.playground; sourceTree = "<group>"; };
/* End PBXFileReference section */

/* Begin PBXFrameworksBuildPhase section */
		BD53922B1A09816A00CDAE59 /* Frameworks */ = {
			isa = PBXFrameworksBuildPhase;
			buildActionMask = 2147483647;
			files = (
				704E6CB11A16FBAD00805A77 /* QuartzCore.framework in Frameworks */,
				704E6CA41A16FB8500805A77 /* SystemConfiguration.framework in Frameworks */,
				704E6CB01A16FBAD00805A77 /* Security.framework in Frameworks */,
				704E6CB81A16FBAD00805A77 /* AudioToolbox.framework in Frameworks */,
				704E6CB61A16FBAD00805A77 /* CoreGraphics.framework in Frameworks */,
				704E6CB71A16FBAD00805A77 /* CFNetwork.framework in Frameworks */,
				704E6CB41A16FBAD00805A77 /* Parse.framework in Frameworks */,
				704E6CB51A16FBAD00805A77 /* CoreLocation.framework in Frameworks */,
				704E6CB21A16FBAD00805A77 /* MobileCoreServices.framework in Frameworks */,
				704E6CAF1A16FBAD00805A77 /* StoreKit.framework in Frameworks */,
				704E6CB31A16FBAD00805A77 /* libz.dylib in Frameworks */,
			);
			runOnlyForDeploymentPostprocessing = 0;
		};
		BD5392401A09816A00CDAE59 /* Frameworks */ = {
			isa = PBXFrameworksBuildPhase;
			buildActionMask = 2147483647;
			files = (
			);
			runOnlyForDeploymentPostprocessing = 0;
		};
/* End PBXFrameworksBuildPhase section */

/* Begin PBXGroup section */
		704E6CB91A16FBCF00805A77 /* Frameworks */ = {
			isa = PBXGroup;
			children = (
				704E6CA31A16FB8500805A77 /* SystemConfiguration.framework */,
				704E6CA51A16FBAD00805A77 /* StoreKit.framework */,
				704E6CA61A16FBAD00805A77 /* Security.framework */,
				704E6CA71A16FBAD00805A77 /* QuartzCore.framework */,
				704E6CA81A16FBAD00805A77 /* MobileCoreServices.framework */,
				704E6CA91A16FBAD00805A77 /* libz.dylib */,
				704E6CAA1A16FBAD00805A77 /* Parse.framework */,
				704E6CAB1A16FBAD00805A77 /* CoreLocation.framework */,
				704E6CAC1A16FBAD00805A77 /* CoreGraphics.framework */,
				704E6CAD1A16FBAD00805A77 /* CFNetwork.framework */,
				704E6CAE1A16FBAD00805A77 /* AudioToolbox.framework */,
			);
			name = Frameworks;
			sourceTree = "<group>";
		};
		BD5392251A09816A00CDAE59 = {
			isa = PBXGroup;
			children = (
				704E6CB91A16FBCF00805A77 /* Frameworks */,
				BD5392301A09816A00CDAE59 /* NextBeat */,
				BD5392461A09816A00CDAE59 /* NextBeatTests */,
				BD53922F1A09816A00CDAE59 /* Products */,
			);
			sourceTree = "<group>";
		};
		BD53922F1A09816A00CDAE59 /* Products */ = {
			isa = PBXGroup;
			children = (
				BD53922E1A09816A00CDAE59 /* NextBeat.app */,
				BD5392431A09816A00CDAE59 /* NextBeatTests.xctest */,
			);
			name = Products;
			sourceTree = "<group>";
		};
		BD5392301A09816A00CDAE59 /* NextBeat */ = {
			isa = PBXGroup;
			children = (
				BD5392331A09816A00CDAE59 /* AppDelegate.swift */,
				70C304031A18274700F97BEA /* Main.storyboard */,
				703D9CF91A18255000A90A84 /* TestViewController.swift */,
				700A23B21A17E3FB00A6F08D /* NewSongViewController.swift */,
				7026532B1A17D3200044A132 /* SongTableViewCell.swift */,
				70E304FD1A1749B40029AB45 /* EventsTableViewCell.swift */,
				BD32F2BF1A0F2C4F0033D766 /* NewEventViewController.swift */,
				700A23B01A17DB0000A6F08D /* ViewSongsTableViewController.swift */,
				70E304FB1A1748520029AB45 /* ViewEventsTableViewController.swift */,
				BD53923A1A09816A00CDAE59 /* Images.xcassets */,
				BD53923C1A09816A00CDAE59 /* LaunchScreen.xib */,
				BD5392551A0989EA00CDAE59 /* swift.playground */,
				BD5392311A09816A00CDAE59 /* Supporting Files */,
				70E304F21A171CB00029AB45 /* NextBeat-Bridging-Header.h */,
			);
			path = NextBeat;
			sourceTree = "<group>";
		};
		BD5392311A09816A00CDAE59 /* Supporting Files */ = {
			isa = PBXGroup;
			children = (
				BD5392321A09816A00CDAE59 /* Info.plist */,
			);
			name = "Supporting Files";
			sourceTree = "<group>";
		};
		BD5392461A09816A00CDAE59 /* NextBeatTests */ = {
			isa = PBXGroup;
			children = (
				BD5392491A09816A00CDAE59 /* NextBeatTests.swift */,
				BD5392471A09816A00CDAE59 /* Supporting Files */,
			);
			path = NextBeatTests;
			sourceTree = "<group>";
		};
		BD5392471A09816A00CDAE59 /* Supporting Files */ = {
			isa = PBXGroup;
			children = (
				BD5392481A09816A00CDAE59 /* Info.plist */,
			);
			name = "Supporting Files";
			sourceTree = "<group>";
		};
/* End PBXGroup section */

/* Begin PBXNativeTarget section */
		BD53922D1A09816A00CDAE59 /* NextBeat */ = {
			isa = PBXNativeTarget;
			buildConfigurationList = BD53924D1A09816A00CDAE59 /* Build configuration list for PBXNativeTarget "NextBeat" */;
			buildPhases = (
				BD53922A1A09816A00CDAE59 /* Sources */,
				BD53922B1A09816A00CDAE59 /* Frameworks */,
				BD53922C1A09816A00CDAE59 /* Resources */,
			);
			buildRules = (
			);
			dependencies = (
			);
			name = NextBeat;
			productName = NextBeat;
			productReference = BD53922E1A09816A00CDAE59 /* NextBeat.app */;
			productType = "com.apple.product-type.application";
		};
		BD5392421A09816A00CDAE59 /* NextBeatTests */ = {
			isa = PBXNativeTarget;
			buildConfigurationList = BD5392501A09816A00CDAE59 /* Build configuration list for PBXNativeTarget "NextBeatTests" */;
			buildPhases = (
				BD53923F1A09816A00CDAE59 /* Sources */,
				BD5392401A09816A00CDAE59 /* Frameworks */,
				BD5392411A09816A00CDAE59 /* Resources */,
			);
			buildRules = (
			);
			dependencies = (
				BD5392451A09816A00CDAE59 /* PBXTargetDependency */,
			);
			name = NextBeatTests;
			productName = NextBeatTests;
			productReference = BD5392431A09816A00CDAE59 /* NextBeatTests.xctest */;
			productType = "com.apple.product-type.bundle.unit-test";
		};
/* End PBXNativeTarget section */

/* Begin PBXProject section */
		BD5392261A09816A00CDAE59 /* Project object */ = {
			isa = PBXProject;
			attributes = {
				LastUpgradeCheck = 0610;
				ORGANIZATIONNAME = "Karl  Frazier";
				TargetAttributes = {
					BD53922D1A09816A00CDAE59 = {
						CreatedOnToolsVersion = 6.1;
					};
					BD5392421A09816A00CDAE59 = {
						CreatedOnToolsVersion = 6.1;
						TestTargetID = BD53922D1A09816A00CDAE59;
					};
				};
			};
			buildConfigurationList = BD5392291A09816A00CDAE59 /* Build configuration list for PBXProject "NextBeat" */;
			compatibilityVersion = "Xcode 3.2";
			developmentRegion = English;
			hasScannedForEncodings = 0;
			knownRegions = (
				en,
				Base,
			);
			mainGroup = BD5392251A09816A00CDAE59;
			productRefGroup = BD53922F1A09816A00CDAE59 /* Products */;
			projectDirPath = "";
			projectRoot = "";
			targets = (
				BD53922D1A09816A00CDAE59 /* NextBeat */,
				BD5392421A09816A00CDAE59 /* NextBeatTests */,
			);
		};
/* End PBXProject section */

/* Begin PBXResourcesBuildPhase section */
		BD53922C1A09816A00CDAE59 /* Resources */ = {
			isa = PBXResourcesBuildPhase;
			buildActionMask = 2147483647;
			files = (
				70C304041A18274700F97BEA /* Main.storyboard in Resources */,
				BD53923E1A09816A00CDAE59 /* LaunchScreen.xib in Resources */,
				BD53923B1A09816A00CDAE59 /* Images.xcassets in Resources */,
			);
			runOnlyForDeploymentPostprocessing = 0;
		};
		BD5392411A09816A00CDAE59 /* Resources */ = {
			isa = PBXResourcesBuildPhase;
			buildActionMask = 2147483647;
			files = (
			);
			runOnlyForDeploymentPostprocessing = 0;
		};
/* End PBXResourcesBuildPhase section */

/* Begin PBXSourcesBuildPhase section */
		BD53922A1A09816A00CDAE59 /* Sources */ = {
			isa = PBXSourcesBuildPhase;
			buildActionMask = 2147483647;
			files = (
				7026532C1A17D3200044A132 /* SongTableViewCell.swift in Sources */,
				70E304FE1A1749B40029AB45 /* EventsTableViewCell.swift in Sources */,
				70E304FC1A1748520029AB45 /* ViewEventsTableViewController.swift in Sources */,
				BD32F2C01A0F2C4F0033D766 /* NewEventViewController.swift in Sources */,
				700A23B11A17DB0000A6F08D /* ViewSongsTableViewController.swift in Sources */,
				700A23B31A17E3FB00A6F08D /* NewSongViewController.swift in Sources */,
				703D9CFA1A18255000A90A84 /* TestViewController.swift in Sources */,
				BD5392341A09816A00CDAE59 /* AppDelegate.swift in Sources */,
			);
			runOnlyForDeploymentPostprocessing = 0;
		};
		BD53923F1A09816A00CDAE59 /* Sources */ = {
			isa = PBXSourcesBuildPhase;
			buildActionMask = 2147483647;
			files = (
				BD53924A1A09816A00CDAE59 /* NextBeatTests.swift in Sources */,
			);
			runOnlyForDeploymentPostprocessing = 0;
		};
/* End PBXSourcesBuildPhase section */

/* Begin PBXTargetDependency section */
		BD5392451A09816A00CDAE59 /* PBXTargetDependency */ = {
			isa = PBXTargetDependency;
			target = BD53922D1A09816A00CDAE59 /* NextBeat */;
			targetProxy = BD5392441A09816A00CDAE59 /* PBXContainerItemProxy */;
		};
/* End PBXTargetDependency section */

/* Begin PBXVariantGroup section */
		BD53923C1A09816A00CDAE59 /* LaunchScreen.xib */ = {
			isa = PBXVariantGroup;
			children = (
				BD53923D1A09816A00CDAE59 /* Base */,
			);
			name = LaunchScreen.xib;
			sourceTree = "<group>";
		};
/* End PBXVariantGroup section */

/* Begin XCBuildConfiguration section */
		BD53924B1A09816A00CDAE59 /* Debug */ = {
			isa = XCBuildConfiguration;
			buildSettings = {
				ALWAYS_SEARCH_USER_PATHS = NO;
				CLANG_CXX_LANGUAGE_STANDARD = "gnu++0x";
				CLANG_CXX_LIBRARY = "libc++";
				CLANG_ENABLE_MODULES = YES;
				CLANG_ENABLE_OBJC_ARC = YES;
				CLANG_WARN_BOOL_CONVERSION = YES;
				CLANG_WARN_CONSTANT_CONVERSION = YES;
				CLANG_WARN_DIRECT_OBJC_ISA_USAGE = YES_ERROR;
				CLANG_WARN_EMPTY_BODY = YES;
				CLANG_WARN_ENUM_CONVERSION = YES;
				CLANG_WARN_INT_CONVERSION = YES;
				CLANG_WARN_OBJC_ROOT_CLASS = YES_ERROR;
				CLANG_WARN_UNREACHABLE_CODE = YES;
				CLANG_WARN__DUPLICATE_METHOD_MATCH = YES;
				"CODE_SIGN_IDENTITY[sdk=iphoneos*]" = "iPhone Developer";
				COPY_PHASE_STRIP = NO;
				ENABLE_STRICT_OBJC_MSGSEND = YES;
				GCC_C_LANGUAGE_STANDARD = gnu99;
				GCC_DYNAMIC_NO_PIC = NO;
				GCC_OPTIMIZATION_LEVEL = 0;
				GCC_PREPROCESSOR_DEFINITIONS = (
					"DEBUG=1",
					"$(inherited)",
				);
				GCC_SYMBOLS_PRIVATE_EXTERN = NO;
				GCC_WARN_64_TO_32_BIT_CONVERSION = YES;
				GCC_WARN_ABOUT_RETURN_TYPE = YES_ERROR;
				GCC_WARN_UNDECLARED_SELECTOR = YES;
				GCC_WARN_UNINITIALIZED_AUTOS = YES_AGGRESSIVE;
				GCC_WARN_UNUSED_FUNCTION = YES;
				GCC_WARN_UNUSED_VARIABLE = YES;
				IPHONEOS_DEPLOYMENT_TARGET = 8.1;
				MTL_ENABLE_DEBUG_INFO = YES;
				ONLY_ACTIVE_ARCH = YES;
				SDKROOT = iphoneos;
				SWIFT_OPTIMIZATION_LEVEL = "-Onone";
			};
			name = Debug;
		};
		BD53924C1A09816A00CDAE59 /* Release */ = {
			isa = XCBuildConfiguration;
			buildSettings = {
				ALWAYS_SEARCH_USER_PATHS = NO;
				CLANG_CXX_LANGUAGE_STANDARD = "gnu++0x";
				CLANG_CXX_LIBRARY = "libc++";
				CLANG_ENABLE_MODULES = YES;
				CLANG_ENABLE_OBJC_ARC = YES;
				CLANG_WARN_BOOL_CONVERSION = YES;
				CLANG_WARN_CONSTANT_CONVERSION = YES;
				CLANG_WARN_DIRECT_OBJC_ISA_USAGE = YES_ERROR;
				CLANG_WARN_EMPTY_BODY = YES;
				CLANG_WARN_ENUM_CONVERSION = YES;
				CLANG_WARN_INT_CONVERSION = YES;
				CLANG_WARN_OBJC_ROOT_CLASS = YES_ERROR;
				CLANG_WARN_UNREACHABLE_CODE = YES;
				CLANG_WARN__DUPLICATE_METHOD_MATCH = YES;
				"CODE_SIGN_IDENTITY[sdk=iphoneos*]" = "iPhone Developer";
				COPY_PHASE_STRIP = YES;
				ENABLE_NS_ASSERTIONS = NO;
				ENABLE_STRICT_OBJC_MSGSEND = YES;
				GCC_C_LANGUAGE_STANDARD = gnu99;
				GCC_WARN_64_TO_32_BIT_CONVERSION = YES;
				GCC_WARN_ABOUT_RETURN_TYPE = YES_ERROR;
				GCC_WARN_UNDECLARED_SELECTOR = YES;
				GCC_WARN_UNINITIALIZED_AUTOS = YES_AGGRESSIVE;
				GCC_WARN_UNUSED_FUNCTION = YES;
				GCC_WARN_UNUSED_VARIABLE = YES;
				IPHONEOS_DEPLOYMENT_TARGET = 8.1;
				MTL_ENABLE_DEBUG_INFO = NO;
				SDKROOT = iphoneos;
				VALIDATE_PRODUCT = YES;
			};
			name = Release;
		};
		BD53924E1A09816A00CDAE59 /* Debug */ = {
			isa = XCBuildConfiguration;
			buildSettings = {
				ASSETCATALOG_COMPILER_APPICON_NAME = AppIcon;
				CLANG_ENABLE_MODULES = YES;
				"CODE_SIGN_IDENTITY[sdk=iphoneos*]" = "";
				FRAMEWORK_SEARCH_PATHS = (
					"$(inherited)",
					/Users/Darthfrazier/Documents/Programming/Xcode/SwifferApp,
				);
				INFOPLIST_FILE = NextBeat/Info.plist;
				LD_RUNPATH_SEARCH_PATHS = "$(inherited) @executable_path/Frameworks";
				PRODUCT_NAME = "$(TARGET_NAME)";
				SWIFT_OBJC_BRIDGING_HEADER = "NextBeat/NextBeat-Bridging-Header.h";
				SWIFT_OPTIMIZATION_LEVEL = "-Onone";
			};
			name = Debug;
		};
		BD53924F1A09816A00CDAE59 /* Release */ = {
			isa = XCBuildConfiguration;
			buildSettings = {
				ASSETCATALOG_COMPILER_APPICON_NAME = AppIcon;
				CLANG_ENABLE_MODULES = YES;
				"CODE_SIGN_IDENTITY[sdk=iphoneos*]" = "";
				FRAMEWORK_SEARCH_PATHS = (
					"$(inherited)",
					/Users/Darthfrazier/Documents/Programming/Xcode/SwifferApp,
				);
				INFOPLIST_FILE = NextBeat/Info.plist;
				LD_RUNPATH_SEARCH_PATHS = "$(inherited) @executable_path/Frameworks";
				PRODUCT_NAME = "$(TARGET_NAME)";
				SWIFT_OBJC_BRIDGING_HEADER = "NextBeat/NextBeat-Bridging-Header.h";
			};
			name = Release;
		};
		BD5392511A09816A00CDAE59 /* Debug */ = {
			isa = XCBuildConfiguration;
			buildSettings = {
				BUNDLE_LOADER = "$(TEST_HOST)";
				FRAMEWORK_SEARCH_PATHS = (
					"$(SDKROOT)/Developer/Library/Frameworks",
					"$(inherited)",
				);
				GCC_PREPROCESSOR_DEFINITIONS = (
					"DEBUG=1",
					"$(inherited)",
				);
				INFOPLIST_FILE = NextBeatTests/Info.plist;
				LD_RUNPATH_SEARCH_PATHS = "$(inherited) @executable_path/Frameworks @loader_path/Frameworks";
				PRODUCT_NAME = "$(TARGET_NAME)";
				TEST_HOST = "$(BUILT_PRODUCTS_DIR)/NextBeat.app/NextBeat";
			};
			name = Debug;
		};
		BD5392521A09816A00CDAE59 /* Release */ = {
			isa = XCBuildConfiguration;
			buildSettings = {
				BUNDLE_LOADER = "$(TEST_HOST)";
				FRAMEWORK_SEARCH_PATHS = (
					"$(SDKROOT)/Developer/Library/Frameworks",
					"$(inherited)",
				);
				INFOPLIST_FILE = NextBeatTests/Info.plist;
				LD_RUNPATH_SEARCH_PATHS = "$(inherited) @executable_path/Frameworks @loader_path/Frameworks";
				PRODUCT_NAME = "$(TARGET_NAME)";
				TEST_HOST = "$(BUILT_PRODUCTS_DIR)/NextBeat.app/NextBeat";
			};
			name = Release;
		};
/* End XCBuildConfiguration section */

/* Begin XCConfigurationList section */
		BD5392291A09816A00CDAE59 /* Build configuration list for PBXProject "NextBeat" */ = {
			isa = XCConfigurationList;
			buildConfigurations = (
				BD53924B1A09816A00CDAE59 /* Debug */,
				BD53924C1A09816A00CDAE59 /* Release */,
			);
			defaultConfigurationIsVisible = 0;
			defaultConfigurationName = Release;
		};
		BD53924D1A09816A00CDAE59 /* Build configuration list for PBXNativeTarget "NextBeat" */ = {
			isa = XCConfigurationList;
			buildConfigurations = (
				BD53924E1A09816A00CDAE59 /* Debug */,
				BD53924F1A09816A00CDAE59 /* Release */,
			);
			defaultConfigurationIsVisible = 0;
			defaultConfigurationName = Release;
		};
		BD5392501A09816A00CDAE59 /* Build configuration list for PBXNativeTarget "NextBeatTests" */ = {
			isa = XCConfigurationList;
			buildConfigurations = (
				BD5392511A09816A00CDAE59 /* Debug */,
				BD5392521A09816A00CDAE59 /* Release */,
			);
			defaultConfigurationIsVisible = 0;
			defaultConfigurationName = Release;
		};
/* End XCConfigurationList section */
	};
	rootObject = BD5392261A09816A00CDAE59 /* Project object */;
}
